
Microsoft Visual Studio Solution File, Format Version 12.00
# Visual Studio Version 16
VisualStudioVersion = 16.0.30413.136
MinimumVisualStudioVersion = 10.0.40219.1
Project("{FAE04EC0-301F-11D3-BF4B-00C04F79EFBC}") = "sort-runtime-app", "sort-runtime-app\sort-runtime-app.csproj", "{B6B204D6-D9C7-40AA-BCF3-98EBFE4A30E5}"
EndProject
Global
	GlobalSection(SolutionConfigurationPlatforms) = preSolution
		Debug|Any CPU = Debug|Any CPU
		Release|Any CPU = Release|Any CPU
	EndGlobalSection
	GlobalSection(ProjectConfigurationPlatforms) = postSolution
		{B6B204D6-D9C7-40AA-BCF3-98EBFE4A30E5}.Debug|Any CPU.ActiveCfg = Debug|Any CPU
		{B6B204D6-D9C7-40AA-BCF3-98EBFE4A30E5}.Debug|Any CPU.Build.0 = Debug|Any CPU
		{B6B204D6-D9C7-40AA-BCF3-98EBFE4A30E5}.Release|Any CPU.ActiveCfg = Release|Any CPU
		{B6B204D6-D9C7-40AA-BCF3-98EBFE4A30E5}.Release|Any CPU.Build.0 = Release|Any CPU
	EndGlobalSection
	GlobalSection(SolutionProperties) = preSolution
		HideSolutionNode = FALSE
	EndGlobalSection
	GlobalSection(ExtensibilityGlobals) = postSolution
		SolutionGuid = {387166CF-D79B-417E-9E30-2273A200347B}
	EndGlobalSection
EndGlobal
